
Microsoft Visual Studio Solution File, Format Version 12.00
# Visual Studio Version 16
VisualStudioVersion = 16.0.32901.82
MinimumVisualStudioVersion = 10.0.40219.1
Project("{FAE04EC0-301F-11D3-BF4B-00C04F79EFBC}") = "Object Validator", "Object Validator\Object Validator.csproj", "{DE33D1C1-01F6-416A-928F-ED345A1CA939}"
EndProject
Global
	GlobalSection(SolutionConfigurationPlatforms) = preSolution
		Debug|Any CPU = Debug|Any CPU
		Release|Any CPU = Release|Any CPU
	EndGlobalSection
	GlobalSection(ProjectConfigurationPlatforms) = postSolution
		{DE33D1C1-01F6-416A-928F-ED345A1CA939}.Debug|Any CPU.ActiveCfg = Debug|Any CPU
		{DE33D1C1-01F6-416A-928F-ED345A1CA939}.Debug|Any CPU.Build.0 = Debug|Any CPU
		{DE33D1C1-01F6-416A-928F-ED345A1CA939}.Release|Any CPU.ActiveCfg = Release|Any CPU
		{DE33D1C1-01F6-416A-928F-ED345A1CA939}.Release|Any CPU.Build.0 = Release|Any CPU
	EndGlobalSection
	GlobalSection(SolutionProperties) = preSolution
		HideSolutionNode = FALSE
	EndGlobalSection
	GlobalSection(ExtensibilityGlobals) = postSolution
		SolutionGuid = {755C63C4-5D02-4AAA-9FE4-7CF76760B43E}
	EndGlobalSection
EndGlobal
